
Microsoft Visual Studio Solution File, Format Version 12.00
# Visual Studio Version 17
VisualStudioVersion = 17.13.36105.23
MinimumVisualStudioVersion = 10.0.40219.1
Project("{8BC9CEB8-8B4A-11D0-8D11-00A0C91BC942}") = "server", "client\client.vcxproj", "{D1ED693A-C431-458C-839F-D97F86D42C63}"
	ProjectSection(ProjectDependencies) = postProject
		{750A8726-6C50-416E-93C2-A993C8220AB5} = {750A8726-6C50-416E-93C2-A993C8220AB5}
	EndProjectSection
EndProject
Project("{8BC9CEB8-8B4A-11D0-8D11-00A0C91BC942}") = "scanner", "scanner\scanner.vcxproj", "{750A8726-6C50-416E-93C2-A993C8220AB5}"
EndProject
Global
	GlobalSection(SolutionConfigurationPlatforms) = preSolution
		Debug|x64 = Debug|x64
		Debug|x86 = Debug|x86
		Release|x64 = Release|x64
		Release|x86 = Release|x86
	EndGlobalSection
	GlobalSection(ProjectConfigurationPlatforms) = postSolution
		{D1ED693A-C431-458C-839F-D97F86D42C63}.Debug|x64.ActiveCfg = Debug|x64
		{D1ED693A-C431-458C-839F-D97F86D42C63}.Debug|x64.Build.0 = Debug|x64
		{D1ED693A-C431-458C-839F-D97F86D42C63}.Debug|x86.ActiveCfg = Debug|Win32
		{D1ED693A-C431-458C-839F-D97F86D42C63}.Debug|x86.Build.0 = Debug|Win32
		{D1ED693A-C431-458C-839F-D97F86D42C63}.Release|x64.ActiveCfg = Release|x64
		{D1ED693A-C431-458C-839F-D97F86D42C63}.Release|x64.Build.0 = Release|x64
		{D1ED693A-C431-458C-839F-D97F86D42C63}.Release|x86.ActiveCfg = Release|Win32
		{D1ED693A-C431-458C-839F-D97F86D42C63}.Release|x86.Build.0 = Release|Win32
		{750A8726-6C50-416E-93C2-A993C8220AB5}.Debug|x64.ActiveCfg = Debug|x64
		{750A8726-6C50-416E-93C2-A993C8220AB5}.Debug|x64.Build.0 = Debug|x64
		{750A8726-6C50-416E-93C2-A993C8220AB5}.Debug|x86.ActiveCfg = Debug|Win32
		{750A8726-6C50-416E-93C2-A993C8220AB5}.Debug|x86.Build.0 = Debug|Win32
		{750A8726-6C50-416E-93C2-A993C8220AB5}.Release|x64.ActiveCfg = Release|x64
		{750A8726-6C50-416E-93C2-A993C8220AB5}.Release|x64.Build.0 = Release|x64
		{750A8726-6C50-416E-93C2-A993C8220AB5}.Release|x86.ActiveCfg = Release|Win32
		{750A8726-6C50-416E-93C2-A993C8220AB5}.Release|x86.Build.0 = Release|Win32
	EndGlobalSection
	GlobalSection(SolutionProperties) = preSolution
		HideSolutionNode = FALSE
	EndGlobalSection
	GlobalSection(ExtensibilityGlobals) = postSolution
		SolutionGuid = {37C24888-AC73-4BAF-8F18-CE33BD00340D}
	EndGlobalSection
EndGlobal
